// !$*UTF8*$!
{
	archiveVersion = 1;
	classes = {
	};
	objectVersion = 56;
	objects = {

/* Begin PBXBuildFile section */
		A10000010000000000000001 /* WorkRecordApp.swift in Sources */ = {isa = PBXBuildFile; fileRef = A20000010000000000000001; };
		A10000020000000000000002 /* ContentView.swift in Sources */ = {isa = PBXBuildFile; fileRef = A20000020000000000000002; };
		A10000030000000000000003 /* Assets.xcassets in Resources */ = {isa = PBXBuildFile; fileRef = A20000030000000000000003; };
		A10000040000000000000004 /* Member.swift in Sources */ = {isa = PBXBuildFile; fileRef = A20000040000000000000004; };
		A10000050000000000000005 /* Leave.swift in Sources */ = {isa = PBXBuildFile; fileRef = A20000050000000000000005; };
		A10000060000000000000006 /* Meeting.swift in Sources */ = {isa = PBXBuildFile; fileRef = A20000060000000000000006; };
		A10000070000000000000007 /* Duty.swift in Sources */ = {isa = PBXBuildFile; fileRef = A20000070000000000000007; };
		A10000080000000000000008 /* AttendanceStatus.swift in Sources */ = {isa = PBXBuildFile; fileRef = A20000080000000000000008; };
		A10000090000000000000009 /* DataStore.swift in Sources */ = {isa = PBXBuildFile; fileRef = A20000090000000000000009; };
		A1000010000000000000000A /* Theme.swift in Sources */ = {isa = PBXBuildFile; fileRef = A2000010000000000000000A; };
		A1000011000000000000000B /* DateHelper.swift in Sources */ = {isa = PBXBuildFile; fileRef = A2000011000000000000000B; };
		A1000012000000000000000C /* SharedComponents.swift in Sources */ = {isa = PBXBuildFile; fileRef = A2000012000000000000000C; };
		A1000013000000000000000D /* DatePickerCard.swift in Sources */ = {isa = PBXBuildFile; fileRef = A2000013000000000000000D; };
		A1000014000000000000000E /* OverviewView.swift in Sources */ = {isa = PBXBuildFile; fileRef = A2000014000000000000000E; };
		A1000015000000000000000F /* AttendanceView.swift in Sources */ = {isa = PBXBuildFile; fileRef = A2000015000000000000000F; };
		A10000160000000000000010 /* MeetingsView.swift in Sources */ = {isa = PBXBuildFile; fileRef = A20000160000000000000010; };
		A10000170000000000000011 /* LeavesView.swift in Sources */ = {isa = PBXBuildFile; fileRef = A20000170000000000000011; };
		A10000180000000000000012 /* MembersView.swift in Sources */ = {isa = PBXBuildFile; fileRef = A20000180000000000000012; };
		A10000190000000000000013 /* DataManagementView.swift in Sources */ = {isa = PBXBuildFile; fileRef = A20000190000000000000013; };
		A1000020000000000000001A /* DutyFormSheet.swift in Sources */ = {isa = PBXBuildFile; fileRef = A2000020000000000000001A; };
/* End PBXBuildFile section */

/* Begin PBXFileReference section */
		A2000021000000000000001B /* WorkRecord.entitlements */ = {isa = PBXFileReference; lastKnownFileType = text.plist.entitlements; path = WorkRecord.entitlements; sourceTree = "<group>"; };
		A2000022000000000000001C /* Info.plist */ = {isa = PBXFileReference; lastKnownFileType = text.plist.xml; path = Info.plist; sourceTree = "<group>"; };
		A20000010000000000000001 /* WorkRecordApp.swift */ = {isa = PBXFileReference; lastKnownFileType = sourcecode.swift; path = WorkRecordApp.swift; sourceTree = "<group>"; };
		A20000020000000000000002 /* ContentView.swift */ = {isa = PBXFileReference; lastKnownFileType = sourcecode.swift; path = ContentView.swift; sourceTree = "<group>"; };
		A20000030000000000000003 /* Assets.xcassets */ = {isa = PBXFileReference; lastKnownFileType = folder.assetcatalog; path = Assets.xcassets; sourceTree = "<group>"; };
		A20000040000000000000004 /* Member.swift */ = {isa = PBXFileReference; lastKnownFileType = sourcecode.swift; path = Member.swift; sourceTree = "<group>"; };
		A20000050000000000000005 /* Leave.swift */ = {isa = PBXFileReference; lastKnownFileType = sourcecode.swift; path = Leave.swift; sourceTree = "<group>"; };
		A20000060000000000000006 /* Meeting.swift */ = {isa = PBXFileReference; lastKnownFileType = sourcecode.swift; path = Meeting.swift; sourceTree = "<group>"; };
		A20000070000000000000007 /* Duty.swift */ = {isa = PBXFileReference; lastKnownFileType = sourcecode.swift; path = Duty.swift; sourceTree = "<group>"; };
		A20000080000000000000008 /* AttendanceStatus.swift */ = {isa = PBXFileReference; lastKnownFileType = sourcecode.swift; path = AttendanceStatus.swift; sourceTree = "<group>"; };
		A20000090000000000000009 /* DataStore.swift */ = {isa = PBXFileReference; lastKnownFileType = sourcecode.swift; path = DataStore.swift; sourceTree = "<group>"; };
		A2000010000000000000000A /* Theme.swift */ = {isa = PBXFileReference; lastKnownFileType = sourcecode.swift; path = Theme.swift; sourceTree = "<group>"; };
		A2000011000000000000000B /* DateHelper.swift */ = {isa = PBXFileReference; lastKnownFileType = sourcecode.swift; path = DateHelper.swift; sourceTree = "<group>"; };
		A2000012000000000000000C /* SharedComponents.swift */ = {isa = PBXFileReference; lastKnownFileType = sourcecode.swift; path = SharedComponents.swift; sourceTree = "<group>"; };
		A2000013000000000000000D /* DatePickerCard.swift */ = {isa = PBXFileReference; lastKnownFileType = sourcecode.swift; path = DatePickerCard.swift; sourceTree = "<group>"; };
		A2000014000000000000000E /* OverviewView.swift */ = {isa = PBXFileReference; lastKnownFileType = sourcecode.swift; path = OverviewView.swift; sourceTree = "<group>"; };
		A2000015000000000000000F /* AttendanceView.swift */ = {isa = PBXFileReference; lastKnownFileType = sourcecode.swift; path = AttendanceView.swift; sourceTree = "<group>"; };
		A20000160000000000000010 /* MeetingsView.swift */ = {isa = PBXFileReference; lastKnownFileType = sourcecode.swift; path = MeetingsView.swift; sourceTree = "<group>"; };
		A20000170000000000000011 /* LeavesView.swift */ = {isa = PBXFileReference; lastKnownFileType = sourcecode.swift; path = LeavesView.swift; sourceTree = "<group>"; };
		A20000180000000000000012 /* MembersView.swift */ = {isa = PBXFileReference; lastKnownFileType = sourcecode.swift; path = MembersView.swift; sourceTree = "<group>"; };
		A20000190000000000000013 /* DataManagementView.swift */ = {isa = PBXFileReference; lastKnownFileType = sourcecode.swift; path = DataManagementView.swift; sourceTree = "<group>"; };
		A2000020000000000000001A /* DutyFormSheet.swift */ = {isa = PBXFileReference; lastKnownFileType = sourcecode.swift; path = DutyFormSheet.swift; sourceTree = "<group>"; };
		A3000001000000000000000B /* WorkRecord.app */ = {isa = PBXFileReference; explicitFileType = wrapper.application; includeInIndex = 0; path = WorkRecord.app; sourceTree = BUILT_PRODUCTS_DIR; };
/* End PBXFileReference section */

/* Begin PBXFrameworksBuildPhase section */
		A40000010000000000000001 /* Frameworks */ = {
			isa = PBXFrameworksBuildPhase;
			buildActionMask = 2147483647;
			files = (
			);
			runOnlyForDeploymentPostprocessing = 0;
		};
/* End PBXFrameworksBuildPhase section */

/* Begin PBXGroup section */
		A50000010000000000000001 = {
			isa = PBXGroup;
			children = (
				A50000020000000000000002 /* WorkRecord */,
				A50000080000000000000008 /* Products */,
			);
			sourceTree = "<group>";
		};
		A50000020000000000000002 /* WorkRecord */ = {
			isa = PBXGroup;
			children = (
				A2000022000000000000001C /* Info.plist */,
				A2000021000000000000001B /* WorkRecord.entitlements */,
				A20000010000000000000001 /* WorkRecordApp.swift */,
				A20000020000000000000002 /* ContentView.swift */,
				A50000030000000000000003 /* Models */,
				A50000040000000000000004 /* ViewModels */,
				A50000050000000000000005 /* Views */,
				A20000030000000000000003 /* Assets.xcassets */,
			);
			path = WorkRecord;
			sourceTree = "<group>";
		};
		A50000030000000000000003 /* Models */ = {
			isa = PBXGroup;
			children = (
				A20000040000000000000004 /* Member.swift */,
				A20000050000000000000005 /* Leave.swift */,
				A20000060000000000000006 /* Meeting.swift */,
				A20000070000000000000007 /* Duty.swift */,
				A20000080000000000000008 /* AttendanceStatus.swift */,
			);
			path = Models;
			sourceTree = "<group>";
		};
		A50000040000000000000004 /* ViewModels */ = {
			isa = PBXGroup;
			children = (
				A20000090000000000000009 /* DataStore.swift */,
			);
			path = ViewModels;
			sourceTree = "<group>";
		};
		A50000050000000000000005 /* Views */ = {
			isa = PBXGroup;
			children = (
				A50000060000000000000006 /* Components */,
				A2000014000000000000000E /* OverviewView.swift */,
				A2000015000000000000000F /* AttendanceView.swift */,
				A20000160000000000000010 /* MeetingsView.swift */,
				A20000170000000000000011 /* LeavesView.swift */,
				A20000180000000000000012 /* MembersView.swift */,
				A20000190000000000000013 /* DataManagementView.swift */,
				A2000020000000000000001A /* DutyFormSheet.swift */,
			);
			path = Views;
			sourceTree = "<group>";
		};
		A50000060000000000000006 /* Components */ = {
			isa = PBXGroup;
			children = (
				A2000010000000000000000A /* Theme.swift */,
				A2000011000000000000000B /* DateHelper.swift */,
				A2000012000000000000000C /* SharedComponents.swift */,
				A2000013000000000000000D /* DatePickerCard.swift */,
			);
			path = Components;
			sourceTree = "<group>";
		};
		A50000080000000000000008 /* Products */ = {
			isa = PBXGroup;
			children = (
				A3000001000000000000000B /* WorkRecord.app */,
			);
			name = Products;
			sourceTree = "<group>";
		};
/* End PBXGroup section */

/* Begin PBXNativeTarget section */
		A60000010000000000000001 /* WorkRecord */ = {
			isa = PBXNativeTarget;
			buildConfigurationList = A80000030000000000000003 /* Build configuration list for PBXNativeTarget "WorkRecord" */;
			buildPhases = (
				A70000010000000000000001 /* Sources */,
				A40000010000000000000001 /* Frameworks */,
				A70000020000000000000002 /* Resources */,
			);
			buildRules = (
			);
			dependencies = (
			);
			name = WorkRecord;
			productName = WorkRecord;
			productReference = A3000001000000000000000B /* WorkRecord.app */;
			productType = "com.apple.product-type.application";
		};
/* End PBXNativeTarget section */

/* Begin PBXProject section */
		A90000010000000000000001 /* Project object */ = {
			isa = PBXProject;
			attributes = {
				BuildIndependentTargetsInParallel = 1;
				LastSwiftUpdateCheck = 1500;
				LastUpgradeCheck = 1500;
				TargetAttributes = {
					A60000010000000000000001 = {
						CreatedOnToolsVersion = 15.0;
					};
				};
			};
			buildConfigurationList = A80000010000000000000001 /* Build configuration list for PBXProject "WorkRecord" */;
			compatibilityVersion = "Xcode 14.0";
			developmentRegion = "zh-Hant";
			hasScannedForEncodings = 0;
			knownRegions = (
				en,
				"zh-Hant",
			);
			mainGroup = A50000010000000000000001;
			productRefGroup = A50000080000000000000008 /* Products */;
			projectDirPath = "";
			projectRoot = "";
			targets = (
				A60000010000000000000001 /* WorkRecord */,
			);
		};
/* End PBXProject section */

/* Begin PBXResourcesBuildPhase section */
		A70000020000000000000002 /* Resources */ = {
			isa = PBXResourcesBuildPhase;
			buildActionMask = 2147483647;
			files = (
				A10000030000000000000003 /* Assets.xcassets in Resources */,
			);
			runOnlyForDeploymentPostprocessing = 0;
		};
/* End PBXResourcesBuildPhase section */

/* Begin PBXSourcesBuildPhase section */
		A70000010000000000000001 /* Sources */ = {
			isa = PBXSourcesBuildPhase;
			buildActionMask = 2147483647;
			files = (
				A10000010000000000000001 /* WorkRecordApp.swift in Sources */,
				A10000020000000000000002 /* ContentView.swift in Sources */,
				A10000040000000000000004 /* Member.swift in Sources */,
				A10000050000000000000005 /* Leave.swift in Sources */,
				A10000060000000000000006 /* Meeting.swift in Sources */,
				A10000070000000000000007 /* Duty.swift in Sources */,
				A10000080000000000000008 /* AttendanceStatus.swift in Sources */,
				A10000090000000000000009 /* DataStore.swift in Sources */,
				A1000010000000000000000A /* Theme.swift in Sources */,
				A1000011000000000000000B /* DateHelper.swift in Sources */,
				A1000012000000000000000C /* SharedComponents.swift in Sources */,
				A1000013000000000000000D /* DatePickerCard.swift in Sources */,
				A1000014000000000000000E /* OverviewView.swift in Sources */,
				A1000015000000000000000F /* AttendanceView.swift in Sources */,
				A10000160000000000000010 /* MeetingsView.swift in Sources */,
				A10000170000000000000011 /* LeavesView.swift in Sources */,
				A10000180000000000000012 /* MembersView.swift in Sources */,
				A10000190000000000000013 /* DataManagementView.swift in Sources */,
				A1000020000000000000001A /* DutyFormSheet.swift in Sources */,
			);
			runOnlyForDeploymentPostprocessing = 0;
		};
/* End PBXSourcesBuildPhase section */

/* Begin XCBuildConfiguration section */
		B10000010000000000000001 /* Debug */ = {
			isa = XCBuildConfiguration;
			buildSettings = {
				ALWAYS_SEARCH_USER_PATHS = NO;
				ASSETCATALOG_COMPILER_GENERATE_SWIFT_ASSET_SYMBOL_EXTENSIONS = YES;
				CLANG_ANALYZER_NONNULL = YES;
				CLANG_CXX_LANGUAGE_STANDARD = "gnu++20";
				CLANG_ENABLE_MODULES = YES;
				CLANG_ENABLE_OBJC_ARC = YES;
				CLANG_WARN_BLOCK_CAPTURE_AUTORELEASING = YES;
				CLANG_WARN_BOOL_CONVERSION = YES;
				CLANG_WARN_COMMA = YES;
				CLANG_WARN_CONSTANT_CONVERSION = YES;
				CLANG_WARN_DEPRECATED_OBJC_IMPLEMENTATIONS = YES;
				CLANG_WARN_DIRECT_OBJC_ISA_USAGE = YES_ERROR;
				CLANG_WARN_EMPTY_BODY = YES;
				CLANG_WARN_ENUM_CONVERSION = YES;
				CLANG_WARN_INFINITE_RECURSION = YES;
				CLANG_WARN_INT_CONVERSION = YES;
				CLANG_WARN_OBJC_IMPLICIT_RETAIN_SELF = YES;
				CLANG_WARN_OBJC_LITERAL_CONVERSION = YES;
				CLANG_WARN_OBJC_ROOT_CLASS = YES_ERROR;
				CLANG_WARN_QUOTED_INCLUDE_IN_FRAMEWORK_HEADER = YES;
				CLANG_WARN_RANGE_LOOP_ANALYSIS = YES;
				CLANG_WARN_STRICT_PROTOTYPES = YES;
				CLANG_WARN_SUSPICIOUS_MOVE = YES;
				CLANG_WARN_UNREACHABLE_CODE = YES;
				CLANG_WARN__DUPLICATE_METHOD_MATCH = YES;
				COPY_PHASE_STRIP = NO;
				DEBUG_INFORMATION_FORMAT = dwarf;
				ENABLE_STRICT_OBJC_MSGSEND = YES;
				ENABLE_TESTABILITY = YES;
				ENABLE_USER_SCRIPT_SANDBOXING = YES;
				GCC_C_LANGUAGE_STANDARD = gnu17;
				GCC_DYNAMIC_NO_PIC = NO;
				GCC_NO_COMMON_BLOCKS = YES;
				GCC_OPTIMIZATION_LEVEL = 0;
				GCC_WARN_64_TO_32_BIT_CONVERSION = YES;
				GCC_WARN_ABOUT_RETURN_TYPE = YES_ERROR;
				GCC_WARN_UNDECLARED_SELECTOR = YES;
				GCC_WARN_UNINITIALIZED_AUTOS = YES_AGGRESSIVE;
				GCC_WARN_UNUSED_FUNCTION = YES;
				GCC_WARN_UNUSED_VARIABLE = YES;
				IPHONEOS_DEPLOYMENT_TARGET = 16.0;
				MTL_ENABLE_DEBUG_INFO = INCLUDE_SOURCE;
				MTL_FAST_MATH = YES;
				ONLY_ACTIVE_ARCH = YES;
				SDKROOT = iphoneos;
				SWIFT_ACTIVE_COMPILATION_CONDITIONS = "DEBUG $(inherited)";
				SWIFT_OPTIMIZATION_LEVEL = "-Onone";
			};
			name = Debug;
		};
		B10000020000000000000002 /* Release */ = {
			isa = XCBuildConfiguration;
			buildSettings = {
				ALWAYS_SEARCH_USER_PATHS = NO;
				ASSETCATALOG_COMPILER_GENERATE_SWIFT_ASSET_SYMBOL_EXTENSIONS = YES;
				CLANG_ANALYZER_NONNULL = YES;
				CLANG_CXX_LANGUAGE_STANDARD = "gnu++20";
				CLANG_ENABLE_MODULES = YES;
				CLANG_ENABLE_OBJC_ARC = YES;
				CLANG_WARN_BLOCK_CAPTURE_AUTORELEASING = YES;
				CLANG_WARN_BOOL_CONVERSION = YES;
				CLANG_WARN_COMMA = YES;
				CLANG_WARN_CONSTANT_CONVERSION = YES;
				CLANG_WARN_DEPRECATED_OBJC_IMPLEMENTATIONS = YES;
				CLANG_WARN_DIRECT_OBJC_ISA_USAGE = YES_ERROR;
				CLANG_WARN_EMPTY_BODY = YES;
				CLANG_WARN_ENUM_CONVERSION = YES;
				CLANG_WARN_INFINITE_RECURSION = YES;
				CLANG_WARN_INT_CONVERSION = YES;
				CLANG_WARN_OBJC_IMPLICIT_RETAIN_SELF = YES;
				CLANG_WARN_OBJC_LITERAL_CONVERSION = YES;
				CLANG_WARN_OBJC_ROOT_CLASS = YES_ERROR;
				CLANG_WARN_QUOTED_INCLUDE_IN_FRAMEWORK_HEADER = YES;
				CLANG_WARN_RANGE_LOOP_ANALYSIS = YES;
				CLANG_WARN_STRICT_PROTOTYPES = YES;
				CLANG_WARN_SUSPICIOUS_MOVE = YES;
				CLANG_WARN_UNREACHABLE_CODE = YES;
				CLANG_WARN__DUPLICATE_METHOD_MATCH = YES;
				COPY_PHASE_STRIP = NO;
				DEBUG_INFORMATION_FORMAT = "dwarf-with-dsym";
				ENABLE_NS_ASSERTIONS = NO;
				ENABLE_STRICT_OBJC_MSGSEND = YES;
				ENABLE_USER_SCRIPT_SANDBOXING = YES;
				GCC_C_LANGUAGE_STANDARD = gnu17;
				GCC_NO_COMMON_BLOCKS = YES;
				GCC_WARN_64_TO_32_BIT_CONVERSION = YES;
				GCC_WARN_ABOUT_RETURN_TYPE = YES_ERROR;
				GCC_WARN_UNDECLARED_SELECTOR = YES;
				GCC_WARN_UNINITIALIZED_AUTOS = YES_AGGRESSIVE;
				GCC_WARN_UNUSED_FUNCTION = YES;
				GCC_WARN_UNUSED_VARIABLE = YES;
				IPHONEOS_DEPLOYMENT_TARGET = 16.0;
				MTL_ENABLE_DEBUG_INFO = NO;
				MTL_FAST_MATH = YES;
				SDKROOT = iphoneos;
				SWIFT_COMPILATION_MODE = wholemodule;
				VALIDATE_PRODUCT = YES;
			};
			name = Release;
		};
		B20000010000000000000001 /* Debug */ = {
			isa = XCBuildConfiguration;
			buildSettings = {
				ASSETCATALOG_COMPILER_APPICON_NAME = AppIcon;
				ASSETCATALOG_COMPILER_GLOBAL_ACCENT_COLOR_NAME = AccentColor;
				CODE_SIGN_ENTITLEMENTS = WorkRecord/WorkRecord.entitlements;
				CODE_SIGN_STYLE = Automatic;
				CURRENT_PROJECT_VERSION = 9;
				DEVELOPMENT_TEAM = "";
				GENERATE_INFOPLIST_FILE = YES;
				INFOPLIST_FILE = WorkRecord/Info.plist;
				INFOPLIST_KEY_CFBundleDisplayName = "峰哥管家";
				INFOPLIST_KEY_UIApplicationSceneManifest_Generation = YES;
				INFOPLIST_KEY_UIApplicationSupportsIndirectInputEvents = YES;
				INFOPLIST_KEY_UILaunchScreen_Generation = YES;
				INFOPLIST_KEY_UISupportedInterfaceOrientations = UIInterfaceOrientationPortrait;
				INFOPLIST_KEY_UISupportedInterfaceOrientations_iPad = "UIInterfaceOrientationLandscapeLeft UIInterfaceOrientationLandscapeRight UIInterfaceOrientationPortrait UIInterfaceOrientationPortraitUpsideDown";
				LD_RUNPATH_SEARCH_PATHS = (
					"$(inherited)",
					"@executable_path/Frameworks",
				);
				MARKETING_VERSION = 2.3;
				PRODUCT_BUNDLE_IDENTIFIER = com.tsmc.workrecord;
				PRODUCT_NAME = "$(TARGET_NAME)";
				SUPPORTED_PLATFORMS = "iphoneos iphonesimulator";
				SUPPORTS_MACCATALYST = NO;
				SWIFT_EMIT_LOC_STRINGS = YES;
				SWIFT_VERSION = 5.0;
				TARGETED_DEVICE_FAMILY = "1,2";
			};
			name = Debug;
		};
		B20000020000000000000002 /* Release */ = {
			isa = XCBuildConfiguration;
			buildSettings = {
				ASSETCATALOG_COMPILER_APPICON_NAME = AppIcon;
				ASSETCATALOG_COMPILER_GLOBAL_ACCENT_COLOR_NAME = AccentColor;
				CODE_SIGN_ENTITLEMENTS = WorkRecord/WorkRecord.entitlements;
				CODE_SIGN_STYLE = Automatic;
				CURRENT_PROJECT_VERSION = 9;
				DEVELOPMENT_TEAM = "";
				GENERATE_INFOPLIST_FILE = YES;
				INFOPLIST_FILE = WorkRecord/Info.plist;
				INFOPLIST_KEY_CFBundleDisplayName = "峰哥管家";
				INFOPLIST_KEY_UIApplicationSceneManifest_Generation = YES;
				INFOPLIST_KEY_UIApplicationSupportsIndirectInputEvents = YES;
				INFOPLIST_KEY_UILaunchScreen_Generation = YES;
				INFOPLIST_KEY_UISupportedInterfaceOrientations = UIInterfaceOrientationPortrait;
				INFOPLIST_KEY_UISupportedInterfaceOrientations_iPad = "UIInterfaceOrientationLandscapeLeft UIInterfaceOrientationLandscapeRight UIInterfaceOrientationPortrait UIInterfaceOrientationPortraitUpsideDown";
				LD_RUNPATH_SEARCH_PATHS = (
					"$(inherited)",
					"@executable_path/Frameworks",
				);
				MARKETING_VERSION = 2.3;
				PRODUCT_BUNDLE_IDENTIFIER = com.tsmc.workrecord;
				PRODUCT_NAME = "$(TARGET_NAME)";
				SUPPORTED_PLATFORMS = "iphoneos iphonesimulator";
				SUPPORTS_MACCATALYST = NO;
				SWIFT_EMIT_LOC_STRINGS = YES;
				SWIFT_VERSION = 5.0;
				TARGETED_DEVICE_FAMILY = "1,2";
			};
			name = Release;
		};
/* End XCBuildConfiguration section */

/* Begin XCConfigurationList section */
		A80000010000000000000001 /* Build configuration list for PBXProject "WorkRecord" */ = {
			isa = XCConfigurationList;
			buildConfigurations = (
				B10000010000000000000001 /* Debug */,
				B10000020000000000000002 /* Release */,
			);
			defaultConfigurationIsVisible = 0;
			defaultConfigurationName = Release;
		};
		A80000030000000000000003 /* Build configuration list for PBXNativeTarget "WorkRecord" */ = {
			isa = XCConfigurationList;
			buildConfigurations = (
				B20000010000000000000001 /* Debug */,
				B20000020000000000000002 /* Release */,
			);
			defaultConfigurationIsVisible = 0;
			defaultConfigurationName = Release;
		};
/* End XCConfigurationList section */

	};
	rootObject = A90000010000000000000001 /* Project object */;
}
